<?xml version="1.0" encoding="utf-8"?>
<Project ToolsVersion="4.0" xmlns="http://schemas.microsoft.com/developer/msbuild/2003">
  <ItemGroup>
    <Filter Include="소스 파일">
      <UniqueIdentifier>{4FC737F1-C7A5-4376-A066-2A32D752A2FF}</UniqueIdentifier>
      <Extensions>cpp;c;cc;cxx;def;odl;idl;hpj;bat;asm;asmx</Extensions>
    </Filter>
    <Filter Include="헤더 파일">
      <UniqueIdentifier>{93995380-89BD-4b04-88EB-625FBE52EBFB}</UniqueIdentifier>
      <Extensions>h;hh;hpp;hxx;hm;inl;inc;ipp;xsd</Extensions>
    </Filter>
    <Filter Include="리소스 파일">
      <UniqueIdentifier>{67DA6AB6-F800-4c08-8B7A-83BB121AAD01}</UniqueIdentifier>
      <Extensions>rc;ico;cur;bmp;dlg;rc2;rct;bin;rgs;gif;jpg;jpeg;jpe;resx;tiff;tif;png;wav;mfcribbon-ms</Extensions>
    </Filter>
    <Filter Include="소스 파일\01">
      <UniqueIdentifier>{0135fb2c-d2b3-4758-88e6-5b90d494efee}</UniqueIdentifier>
    </Filter>
    <Filter Include="소스 파일\01\HelloCpp">
      <UniqueIdentifier>{15911e6e-ef50-49ec-b8d8-2941810c2d09}</UniqueIdentifier>
    </Filter>
    <Filter Include="소스 파일\01\CoutSample">
      <UniqueIdentifier>{4ef04ee9-21ed-400b-9942-47b932c9b7b8}</UniqueIdentifier>
    </Filter>
    <Filter Include="소스 파일\01\CinString">
      <UniqueIdentifier>{977f744b-f03e-40fa-a842-3faf9ee3f422}</UniqueIdentifier>
    </Filter>
    <Filter Include="소스 파일\01\CoutString">
      <UniqueIdentifier>{3d2f7a4e-c56b-4c4e-8f29-0ba07030190b}</UniqueIdentifier>
    </Filter>
    <Filter Include="소스 파일\01\NewDeleteSample">
      <UniqueIdentifier>{d41b9203-7cdf-474e-82c1-627de20bbdcb}</UniqueIdentifier>
    </Filter>
    <Filter Include="소스 파일\01\NewDeleteArray">
      <UniqueIdentifier>{5551e2c5-25a4-4d64-83c0-bd719bc508b0}</UniqueIdentifier>
    </Filter>
    <Filter Include="소스 파일\01\ReferenceType">
      <UniqueIdentifier>{4a620a24-a592-4696-8b6d-123c1ea56a96}</UniqueIdentifier>
    </Filter>
  </ItemGroup>
  <ItemGroup>
    <ClCompile Include="pch.cpp">
      <Filter>소스 파일</Filter>
    </ClCompile>
    <ClCompile Include="helloCpp.cpp">
      <Filter>소스 파일\01\HelloCpp</Filter>
    </ClCompile>
    <ClCompile Include="CoutSample.cpp">
      <Filter>소스 파일\01\CoutSample</Filter>
    </ClCompile>
    <ClCompile Include="CoutString.cpp">
      <Filter>소스 파일\01\CoutString</Filter>
    </ClCompile>
    <ClCompile Include="CinString.cpp">
      <Filter>소스 파일\01\CinString</Filter>
    </ClCompile>
    <ClCompile Include="NewDeleteSample.cpp">
      <Filter>소스 파일\01\NewDeleteSample</Filter>
    </ClCompile>
    <ClCompile Include="NewDeleteArray.cpp">
      <Filter>소스 파일\01\NewDeleteArray</Filter>
    </ClCompile>
    <ClCompile Include="ReferenceType.cpp">
      <Filter>소스 파일\01\ReferenceType</Filter>
    </ClCompile>
  </ItemGroup>
  <ItemGroup>
    <ClInclude Include="pch.h">
      <Filter>헤더 파일</Filter>
    </ClInclude>
  </ItemGroup>
</Project>